<?xml version="1.0" encoding="utf-8"?>
<Project ToolsVersion="4.0" xmlns="http://schemas.microsoft.com/developer/msbuild/2003">
  <ItemGroup>
    <Filter Include="Source Files">
      <UniqueIdentifier>{4FC737F1-C7A5-4376-A066-2A32D752A2FF}</UniqueIdentifier>
      <Extensions>cpp;c;cc;cxx;c++;cppm;ixx;def;odl;idl;hpj;bat;asm;asmx</Extensions>
    </Filter>
    <Filter Include="Header Files">
      <UniqueIdentifier>{93995380-89BD-4b04-88EB-625FBE52EBFB}</UniqueIdentifier>
      <Extensions>h;hh;hpp;hxx;h++;hm;inl;inc;ipp;xsd</Extensions>
    </Filter>
    <Filter Include="Resource Files">
      <UniqueIdentifier>{67DA6AB6-F800-4c08-8B7A-83BB121AAD01}</UniqueIdentifier>
      <Extensions>rc;ico;cur;bmp;dlg;rc2;rct;bin;rgs;gif;jpg;jpeg;jpe;resx;tiff;tif;png;wav;mfcribbon-ms</Extensions>
    </Filter>
  </ItemGroup>
  <ItemGroup>
    <ClCompile Include="Utils\Timer.cpp">
      <Filter>Source Files</Filter>
    </ClCompile>
    <ClCompile Include="Scene\Scene.cpp">
      <Filter>Source Files</Filter>
    </ClCompile>
  </ItemGroup>
  <ItemGroup>
    <ClInclude Include="Utils\Timer.h">
      <Filter>Header Files</Filter>
    </ClInclude>
    <ClInclude Include="ECS\Components\AbilityComponent.h">
      <Filter>Header Files</Filter>
    </ClInclude>
    <ClInclude Include="ECS\Components\BackgroundComponent.h">
      <Filter>Header Files</Filter>
    </ClInclude>
    <ClInclude Include="ECS\Components\BulletComponent.h">
      <Filter>Header Files</Filter>
    </ClInclude>
    <ClInclude Include="ECS\Components\CameraComponent.h">
      <Filter>Header Files</Filter>
    </ClInclude>
    <ClInclude Include="ECS\Components\CollisionComponent.h">
      <Filter>Header Files</Filter>
    </ClInclude>
    <ClInclude Include="ECS\Components\EnemyComponent.h">
      <Filter>Header Files</Filter>
    </ClInclude>
    <ClInclude Include="ECS\Components\JumpingComponent.h">
      <Filter>Header Files</Filter>
    </ClInclude>
    <ClInclude Include="ECS\Components\MainHeroComponent.h">
      <Filter>Header Files</Filter>
    </ClInclude>
    <ClInclude Include="ECS\Components\Movement.h">
      <Filter>Header Files</Filter>
    </ClInclude>
    <ClInclude Include="ECS\Components\MoveRestrictionComponent .h">
      <Filter>Header Files</Filter>
    </ClInclude>
    <ClInclude Include="ECS\Components\PlatformComponent.h">
      <Filter>Header Files</Filter>
    </ClInclude>
    <ClInclude Include="ECS\Components\PlatformLeftRightComponent.h">
      <Filter>Header Files</Filter>
    </ClInclude>
    <ClInclude Include="ECS\Components\PlatformUpDownComponent.h">
      <Filter>Header Files</Filter>
    </ClInclude>
    <ClInclude Include="ECS\Components\PositionComponent.h">
      <Filter>Header Files</Filter>
    </ClInclude>
    <ClInclude Include="ECS\Components\ScoreBarComponent.h">
      <Filter>Header Files</Filter>
    </ClInclude>
    <ClInclude Include="ECS\Components\ScoreComponent.h">
      <Filter>Header Files</Filter>
    </ClInclude>
    <ClInclude Include="ECS\Components\SpriteComponent.h">
      <Filter>Header Files</Filter>
    </ClInclude>
    <ClInclude Include="ECS\Components\Transform.h">
      <Filter>Header Files</Filter>
    </ClInclude>
    <ClInclude Include="ECS\Systems\AbilitySystem.h">
      <Filter>Header Files</Filter>
    </ClInclude>
    <ClInclude Include="ECS\Systems\CollisionSystem.h">
      <Filter>Header Files</Filter>
    </ClInclude>
    <ClInclude Include="ECS\Systems\CreateSystem.h">
      <Filter>Header Files</Filter>
    </ClInclude>
    <ClInclude Include="ECS\Systems\DestroySystem.h">
      <Filter>Header Files</Filter>
    </ClInclude>
    <ClInclude Include="ECS\Systems\MoveRestrictionSystem.h">
      <Filter>Header Files</Filter>
    </ClInclude>
    <ClInclude Include="ECS\Systems\MoveSystem.h">
      <Filter>Header Files</Filter>
    </ClInclude>
    <ClInclude Include="ECS\Systems\ScoreSystem.h">
      <Filter>Header Files</Filter>
    </ClInclude>
    <ClInclude Include="ECS\Systems\SpriteSystem.h">
      <Filter>Header Files</Filter>
    </ClInclude>
    <ClInclude Include="ECS\Utils\CheckCollision.h">
      <Filter>Header Files</Filter>
    </ClInclude>
    <ClInclude Include="ECS\Utils\ComponentNumerator.h">
      <Filter>Header Files</Filter>
    </ClInclude>
    <ClInclude Include="ECS\Utils\ComponentPool.h">
      <Filter>Header Files</Filter>
    </ClInclude>
    <ClInclude Include="ECS\Utils\Entity.h">
      <Filter>Header Files</Filter>
    </ClInclude>
    <ClInclude Include="ECS\Utils\GlobalVars.h">
      <Filter>Header Files</Filter>
    </ClInclude>
    <ClInclude Include="Framework\Engine.h">
      <Filter>Header Files</Filter>
    </ClInclude>
    <ClInclude Include="Managers\InputHandler.h">
      <Filter>Header Files</Filter>
    </ClInclude>
    <ClInclude Include="Managers\SpriteManager.h">
      <Filter>Header Files</Filter>
    </ClInclude>
    <ClInclude Include="Math\Vector3.h">
      <Filter>Header Files</Filter>
    </ClInclude>
    <ClInclude Include="Scene\Scene.h">
      <Filter>Header Files</Filter>
    </ClInclude>
    <ClInclude Include="Scene\SceneView.h">
      <Filter>Header Files</Filter>
    </ClInclude>
    <ClInclude Include="ECS\Components\NoseComponent.h">
      <Filter>Header Files</Filter>
    </ClInclude>
  </ItemGroup>
</Project>